
Microsoft Visual Studio Solution File, Format Version 12.00
# Visual Studio 14
VisualStudioVersion = 14.0.25123.0
MinimumVisualStudioVersion = 10.0.40219.1
Project("{FAE04EC0-301F-11D3-BF4B-00C04F79EFBC}") = "1.2.Timer", "1.2.Timer\1.2.Timer.csproj", "{C129488D-BC0E-4DBD-8F8F-D9FB46E43ECB}"
EndProject
Global
	GlobalSection(SolutionConfigurationPlatforms) = preSolution
		Debug|Any CPU = Debug|Any CPU
		Release|Any CPU = Release|Any CPU
	EndGlobalSection
	GlobalSection(ProjectConfigurationPlatforms) = postSolution
		{C129488D-BC0E-4DBD-8F8F-D9FB46E43ECB}.Debug|Any CPU.ActiveCfg = Debug|Any CPU
		{C129488D-BC0E-4DBD-8F8F-D9FB46E43ECB}.Debug|Any CPU.Build.0 = Debug|Any CPU
		{C129488D-BC0E-4DBD-8F8F-D9FB46E43ECB}.Release|Any CPU.ActiveCfg = Release|Any CPU
		{C129488D-BC0E-4DBD-8F8F-D9FB46E43ECB}.Release|Any CPU.Build.0 = Release|Any CPU
	EndGlobalSection
	GlobalSection(SolutionProperties) = preSolution
		HideSolutionNode = FALSE
	EndGlobalSection
EndGlobal
